
Microsoft Visual Studio Solution File, Format Version 12.00
# Visual Studio Version 16
VisualStudioVersion = 16.0.30804.86
MinimumVisualStudioVersion = 10.0.40219.1
Project("{FAE04EC0-301F-11D3-BF4B-00C04F79EFBC}") = "BiliChat-Console", "BiliChat-Console.csproj", "{5A42CBFB-3DBF-4527-8C2F-A7148DF47D39}"
EndProject
Global
	GlobalSection(SolutionConfigurationPlatforms) = preSolution
		Debug|Any CPU = Debug|Any CPU
		Release|Any CPU = Release|Any CPU
	EndGlobalSection
	GlobalSection(ProjectConfigurationPlatforms) = postSolution
		{5A42CBFB-3DBF-4527-8C2F-A7148DF47D39}.Debug|Any CPU.ActiveCfg = Debug|Any CPU
		{5A42CBFB-3DBF-4527-8C2F-A7148DF47D39}.Debug|Any CPU.Build.0 = Debug|Any CPU
		{5A42CBFB-3DBF-4527-8C2F-A7148DF47D39}.Release|Any CPU.ActiveCfg = Release|Any CPU
		{5A42CBFB-3DBF-4527-8C2F-A7148DF47D39}.Release|Any CPU.Build.0 = Release|Any CPU
	EndGlobalSection
	GlobalSection(SolutionProperties) = preSolution
		HideSolutionNode = FALSE
	EndGlobalSection
	GlobalSection(ExtensibilityGlobals) = postSolution
		SolutionGuid = {F20FCC94-C037-4EE5-A37F-13487E5974C2}
	EndGlobalSection
EndGlobal
